{
	"name": "@spider-ui/tooltip",
	"version": "0.1.0",
	"lockfileVersion": 1,
	"requires": true,
	"dependencies": {
		"upgraded-element": {
			"version": "0.2.1",
			"resolved": "https://registry.npmjs.org/upgraded-element/-/upgraded-element-0.2.1.tgz",
			"integrity": "sha512-l+b3i0z2dT/lS5fcYtPZeXaRU/xn0BgzT+++0h4w/+CQIDvCRuDeJ+CiKMq3WfshIP4Vc7U0vnQHc6u+v8UGXg=="
		}
	}
}
